
Microsoft Visual Studio Solution File, Format Version 12.00
# Visual Studio Version 17
VisualStudioVersion = 17.14.36327.8 d17.14
MinimumVisualStudioVersion = 10.0.40219.1
Project("{FAE04EC0-301F-11D3-BF4B-00C04F79EFBC}") = "AuthApi.Application", "AuthApi.Application\AuthApi.Application.csproj", "{3C4E96EC-CFF0-4071-90C3-0B45D044AFBE}"
EndProject
Global
	GlobalSection(SolutionConfigurationPlatforms) = preSolution
		Debug|Any CPU = Debug|Any CPU
		Release|Any CPU = Release|Any CPU
	EndGlobalSection
	GlobalSection(ProjectConfigurationPlatforms) = postSolution
		{3C4E96EC-CFF0-4071-90C3-0B45D044AFBE}.Debug|Any CPU.ActiveCfg = Debug|Any CPU
		{3C4E96EC-CFF0-4071-90C3-0B45D044AFBE}.Debug|Any CPU.Build.0 = Debug|Any CPU
		{3C4E96EC-CFF0-4071-90C3-0B45D044AFBE}.Release|Any CPU.ActiveCfg = Release|Any CPU
		{3C4E96EC-CFF0-4071-90C3-0B45D044AFBE}.Release|Any CPU.Build.0 = Release|Any CPU
	EndGlobalSection
	GlobalSection(SolutionProperties) = preSolution
		HideSolutionNode = FALSE
	EndGlobalSection
	GlobalSection(ExtensibilityGlobals) = postSolution
		SolutionGuid = {01F826D1-25AC-4C30-B999-B2356D11C30D}
	EndGlobalSection
EndGlobal
