
Microsoft Visual Studio Solution File, Format Version 12.00
# Visual Studio Version 17
VisualStudioVersion = 17.14.36327.8 d17.14
MinimumVisualStudioVersion = 10.0.40219.1
Project("{FAE04EC0-301F-11D3-BF4B-00C04F79EFBC}") = "AuthApi.Domain", "AuthApi.Domain\AuthApi.Domain.csproj", "{CBB472A0-96A8-4554-8AE1-E72A257E9B6F}"
EndProject
Global
	GlobalSection(SolutionConfigurationPlatforms) = preSolution
		Debug|Any CPU = Debug|Any CPU
		Release|Any CPU = Release|Any CPU
	EndGlobalSection
	GlobalSection(ProjectConfigurationPlatforms) = postSolution
		{CBB472A0-96A8-4554-8AE1-E72A257E9B6F}.Debug|Any CPU.ActiveCfg = Debug|Any CPU
		{CBB472A0-96A8-4554-8AE1-E72A257E9B6F}.Debug|Any CPU.Build.0 = Debug|Any CPU
		{CBB472A0-96A8-4554-8AE1-E72A257E9B6F}.Release|Any CPU.ActiveCfg = Release|Any CPU
		{CBB472A0-96A8-4554-8AE1-E72A257E9B6F}.Release|Any CPU.Build.0 = Release|Any CPU
	EndGlobalSection
	GlobalSection(SolutionProperties) = preSolution
		HideSolutionNode = FALSE
	EndGlobalSection
	GlobalSection(ExtensibilityGlobals) = postSolution
		SolutionGuid = {A65CD190-6FA4-4AC3-87A3-B17256FE61B2}
	EndGlobalSection
EndGlobal
